<?xml version="1.0" encoding="utf-8"?>
<Project ToolsVersion="4.0" xmlns:atg="http://atg.xbox.com" xmlns="http://schemas.microsoft.com/developer/msbuild/2003">
  <ItemGroup>
    <Filter Include="Resource Files">
      <UniqueIdentifier>{8e114980-c1a3-4ada-ad7c-83caadf5daeb}</UniqueIdentifier>
      <Extensions>rc;ico;cur;bmp;dlg;rc2;rct;bin;rgs;gif;jpg;jpeg;jpe</Extensions>
    </Filter>
    <Filter Include="Shaders">
      <UniqueIdentifier>{2c3d4c8c-5d1a-459a-a05a-a4e4b608a44e}</UniqueIdentifier>
      <Extensions>fx;fxh;hlsl</Extensions>
    </Filter>
  </ItemGroup>
  <ItemGroup>
    <ClInclude Include="Src\Buffers\Buffer.h" />
    <ClInclude Include="Src\Buffers\ConstantBuffer.h" />
    <ClInclude Include="Src\Buffers\StructuredBuffer.h" />
    <ClInclude Include="Src\Buffers\VertexBuffer.h" />
    <ClInclude Include="Src\Buffers\IndexBuffer.h" />
    <ClInclude Include="Src\Lights\DirectionalLight.h" />
    <ClInclude Include="Src\Lights\Light.h" />
    <ClInclude Include="Src\Lights\PointLight.h" />
    <ClInclude Include="extern\DDSTextureLoader.h" />
    <ClInclude Include="extern\OBJLoader.h" />
    <ClInclude Include="Src\Managers\DeviceManager.h" />
    <ClInclude Include="Src\Core\Application.h" />
    <ClInclude Include="Src\Core\Constants.h" />
    <ClInclude Include="Src\Core\Structures.h" />
    <ClInclude Include="Src\Textures\Texture.h" />
    <ClInclude Include="Src\Shaders\Shader.h" />
    <ClInclude Include="resource.h" />
    <ClInclude Include="Src\Managers\InputManager.h" />
    <ClInclude Include="Src\Shaders\ShaderInclude.h" />
    <ClInclude Include="Src\Entity and Components\Camera.h" />
    <ClInclude Include="Src\Entity and Components\Component.h" />
    <ClInclude Include="Src\Entity and Components\Entity.h" />
    <ClInclude Include="Src\Entity and Components\Material.h" />
    <ClInclude Include="Src\Entity and Components\RasterState.h" />
    <ClInclude Include="Src\Entity and Components\Renderer.h" />
    <ClInclude Include="Src\Entity and Components\RenderingBuffers.h" />
    <ClInclude Include="Src\Entity and Components\Rotator.h" />
    <ClInclude Include="Src\Entity and Components\Mesh.h" />
    <ClInclude Include="Src\Core\Meshes.h" />
    <ClInclude Include="Src\Managers\CameraManager.h" />
    <ClInclude Include="Src\Managers\DebugLogManager.h" />
    <ClInclude Include="Src\Entity and Components\CameraController.h" />
  </ItemGroup>
  <ItemGroup>
    <ClCompile Include="Src\Buffers\Buffer.cpp" />
    <ClCompile Include="Src\Buffers\ConstantBuffer.cpp" />
    <ClCompile Include="Src\Buffers\StructuredBuffer.cpp" />
    <ClCompile Include="Src\Buffers\VertexBuffer.cpp" />
    <ClCompile Include="Src\Buffers\IndexBuffer.cpp" />
    <ClCompile Include="Src\Lights\DirectionalLight.cpp" />
    <ClCompile Include="Src\Lights\Light.cpp" />
    <ClCompile Include="Src\Lights\PointLight.cpp" />
    <ClCompile Include="extern\DDSTextureLoader.cpp" />
    <ClCompile Include="extern\OBJLoader.cpp" />
    <ClCompile Include="Src\Managers\DeviceManager.cpp" />
    <ClCompile Include="Src\Core\Application.cpp" />
    <ClCompile Include="Src\Core\DX11 Framework.cpp" />
    <ClCompile Include="Src\Textures\Texture.cpp" />
    <ClCompile Include="Src\Shaders\Shader.cpp" />
    <ClCompile Include="Src\Managers\InputManager.cpp" />
    <ClCompile Include="Src\Shaders\ShaderInclude.cpp" />
    <ClCompile Include="Src\Entity and Components\Camera.cpp" />
    <ClCompile Include="Src\Entity and Components\Component.cpp" />
    <ClCompile Include="Src\Entity and Components\Entity.cpp" />
    <ClCompile Include="Src\Entity and Components\Material.cpp" />
    <ClCompile Include="Src\Entity and Components\RasterState.cpp" />
    <ClCompile Include="Src\Entity and Components\Renderer.cpp" />
    <ClCompile Include="Src\Entity and Components\RenderingBuffers.cpp" />
    <ClCompile Include="Src\Entity and Components\Rotator.cpp" />
    <ClCompile Include="Src\Entity and Components\Mesh.cpp" />
    <ClCompile Include="Src\Managers\CameraManager.cpp" />
    <ClCompile Include="Src\Managers\DebugLogManager.cpp" />
    <ClCompile Include="Src\Entity and Components\CameraController.cpp" />
    <ClCompile Include="Src\Core\Meshes.cpp" />
  </ItemGroup>
  <ItemGroup>
    <ResourceCompile Include="DX11 Framework.rc">
      <Filter>Resource Files</Filter>
    </ResourceCompile>
  </ItemGroup>
  <ItemGroup>
    <FxCompile Include="Res\Shaders\DX11 Framework.fx">
      <Filter>Shaders</Filter>
    </FxCompile>
  </ItemGroup>
</Project>